
Microsoft Visual Studio Solution File, Format Version 12.00
# Visual Studio Version 16
VisualStudioVersion = 16.0.31004.235
MinimumVisualStudioVersion = 10.0.40219.1
Project("{FAE04EC0-301F-11D3-BF4B-00C04F79EFBC}") = "WebAdvert.Web", "WebAdvert.Web.csproj", "{94BCF040-007F-45E5-9B18-B80A58ECD52B}"
EndProject
Global
	GlobalSection(SolutionConfigurationPlatforms) = preSolution
		Debug|Any CPU = Debug|Any CPU
		Release|Any CPU = Release|Any CPU
	EndGlobalSection
	GlobalSection(ProjectConfigurationPlatforms) = postSolution
		{94BCF040-007F-45E5-9B18-B80A58ECD52B}.Debug|Any CPU.ActiveCfg = Debug|Any CPU
		{94BCF040-007F-45E5-9B18-B80A58ECD52B}.Debug|Any CPU.Build.0 = Debug|Any CPU
		{94BCF040-007F-45E5-9B18-B80A58ECD52B}.Release|Any CPU.ActiveCfg = Release|Any CPU
		{94BCF040-007F-45E5-9B18-B80A58ECD52B}.Release|Any CPU.Build.0 = Release|Any CPU
	EndGlobalSection
	GlobalSection(SolutionProperties) = preSolution
		HideSolutionNode = FALSE
	EndGlobalSection
	GlobalSection(ExtensibilityGlobals) = postSolution
		SolutionGuid = {D3EAA840-7CE9-401C-A90A-390023CA970B}
	EndGlobalSection
EndGlobal
